
Microsoft Visual Studio Solution File, Format Version 12.00
# Visual Studio 15
VisualStudioVersion = 15.0.28010.2003
MinimumVisualStudioVersion = 10.0.40219.1
Project("{FAE04EC0-301F-11D3-BF4B-00C04F79EFBC}") = "TelecomTotalBot", "TelecomTotalBot\TelecomTotalBot.csproj", "{57169B75-2F7B-452C-894C-0EA15ED99BAE}"
EndProject
Global
	GlobalSection(SolutionConfigurationPlatforms) = preSolution
		Debug|Any CPU = Debug|Any CPU
		Release|Any CPU = Release|Any CPU
	EndGlobalSection
	GlobalSection(ProjectConfigurationPlatforms) = postSolution
		{57169B75-2F7B-452C-894C-0EA15ED99BAE}.Debug|Any CPU.ActiveCfg = Debug|Any CPU
		{57169B75-2F7B-452C-894C-0EA15ED99BAE}.Debug|Any CPU.Build.0 = Debug|Any CPU
		{57169B75-2F7B-452C-894C-0EA15ED99BAE}.Release|Any CPU.ActiveCfg = Release|Any CPU
		{57169B75-2F7B-452C-894C-0EA15ED99BAE}.Release|Any CPU.Build.0 = Release|Any CPU
	EndGlobalSection
	GlobalSection(SolutionProperties) = preSolution
		HideSolutionNode = FALSE
	EndGlobalSection
	GlobalSection(ExtensibilityGlobals) = postSolution
		SolutionGuid = {0BEA898F-DB35-441A-BEE0-7C0F83F0F6E1}
	EndGlobalSection
EndGlobal
